
Microsoft Visual Studio Solution File, Format Version 12.00
# Visual Studio 14
VisualStudioVersion = 14.0.25420.1
MinimumVisualStudioVersion = 10.0.40219.1
Project("{2150E333-8FDC-42A3-9474-1A3956D46DE8}") = "src", "src", "{2B7A4893-716A-4AAE-822A-15410081ED59}"
EndProject
Project("{2150E333-8FDC-42A3-9474-1A3956D46DE8}") = "Solution Items", "Solution Items", "{0C2FC54E-0D89-483F-8460-85E46DEC3619}"
	ProjectSection(SolutionItems) = preProject
		global.json = global.json
	EndProjectSection
EndProject
Project("{8BB2217D-0F2D-49D1-97BC-3654ED321F3B}") = "WebFileExplorer", "src\WebFileExplorer\WebFileExplorer.xproj", "{48996729-EE92-4C17-B6B4-DC5C92797A2F}"
EndProject
Project("{2150E333-8FDC-42A3-9474-1A3956D46DE8}") = "libs", "libs", "{FE15839C-5C57-4836-A6F7-3C74E71B95BB}"
EndProject
Project("{8BB2217D-0F2D-49D1-97BC-3654ED321F3B}") = "WebFileExplorer.Service.Domain", "..\WebFileExplorer.ServiceDomain\WebFileExplorer.ServiceDomain\WebFileExplorer.Service.Domain.xproj", "{53AD4588-D2AE-4D2E-BBD4-66EA00A48FEA}"
EndProject
Project("{8BB2217D-0F2D-49D1-97BC-3654ED321F3B}") = "WebFileExplorer.RestClient", "..\libs\WebFileExplorer.RestClient\WebFileExplorer.RestClient.xproj", "{F6E16253-2359-4420-99FC-B5DD9E964A59}"
EndProject
Global
	GlobalSection(SolutionConfigurationPlatforms) = preSolution
		Debug|Any CPU = Debug|Any CPU
		Release|Any CPU = Release|Any CPU
	EndGlobalSection
	GlobalSection(ProjectConfigurationPlatforms) = postSolution
		{48996729-EE92-4C17-B6B4-DC5C92797A2F}.Debug|Any CPU.ActiveCfg = Debug|Any CPU
		{48996729-EE92-4C17-B6B4-DC5C92797A2F}.Debug|Any CPU.Build.0 = Debug|Any CPU
		{48996729-EE92-4C17-B6B4-DC5C92797A2F}.Release|Any CPU.ActiveCfg = Release|Any CPU
		{48996729-EE92-4C17-B6B4-DC5C92797A2F}.Release|Any CPU.Build.0 = Release|Any CPU
		{53AD4588-D2AE-4D2E-BBD4-66EA00A48FEA}.Debug|Any CPU.ActiveCfg = Debug|Any CPU
		{53AD4588-D2AE-4D2E-BBD4-66EA00A48FEA}.Debug|Any CPU.Build.0 = Debug|Any CPU
		{53AD4588-D2AE-4D2E-BBD4-66EA00A48FEA}.Release|Any CPU.ActiveCfg = Release|Any CPU
		{53AD4588-D2AE-4D2E-BBD4-66EA00A48FEA}.Release|Any CPU.Build.0 = Release|Any CPU
		{F6E16253-2359-4420-99FC-B5DD9E964A59}.Debug|Any CPU.ActiveCfg = Debug|Any CPU
		{F6E16253-2359-4420-99FC-B5DD9E964A59}.Debug|Any CPU.Build.0 = Debug|Any CPU
		{F6E16253-2359-4420-99FC-B5DD9E964A59}.Release|Any CPU.ActiveCfg = Release|Any CPU
		{F6E16253-2359-4420-99FC-B5DD9E964A59}.Release|Any CPU.Build.0 = Release|Any CPU
	EndGlobalSection
	GlobalSection(SolutionProperties) = preSolution
		HideSolutionNode = FALSE
	EndGlobalSection
	GlobalSection(NestedProjects) = preSolution
		{48996729-EE92-4C17-B6B4-DC5C92797A2F} = {2B7A4893-716A-4AAE-822A-15410081ED59}
		{53AD4588-D2AE-4D2E-BBD4-66EA00A48FEA} = {FE15839C-5C57-4836-A6F7-3C74E71B95BB}
		{F6E16253-2359-4420-99FC-B5DD9E964A59} = {FE15839C-5C57-4836-A6F7-3C74E71B95BB}
	EndGlobalSection
EndGlobal
